
Microsoft Visual Studio Solution File, Format Version 12.00
# Visual Studio Version 16
VisualStudioVersion = 16.0.31019.35
MinimumVisualStudioVersion = 10.0.40219.1
Project("{9A19103F-16F7-4668-BE54-9A1E7A4F7556}") = "JobClient", "JobClient.csproj", "{F7707B3B-E38C-491C-8E3A-349292C655CA}"
EndProject
Global
	GlobalSection(SolutionConfigurationPlatforms) = preSolution
		Debug|Any CPU = Debug|Any CPU
		Release|Any CPU = Release|Any CPU
	EndGlobalSection
	GlobalSection(ProjectConfigurationPlatforms) = postSolution
		{F7707B3B-E38C-491C-8E3A-349292C655CA}.Debug|Any CPU.ActiveCfg = Debug|Any CPU
		{F7707B3B-E38C-491C-8E3A-349292C655CA}.Debug|Any CPU.Build.0 = Debug|Any CPU
		{F7707B3B-E38C-491C-8E3A-349292C655CA}.Release|Any CPU.ActiveCfg = Release|Any CPU
		{F7707B3B-E38C-491C-8E3A-349292C655CA}.Release|Any CPU.Build.0 = Release|Any CPU
	EndGlobalSection
	GlobalSection(SolutionProperties) = preSolution
		HideSolutionNode = FALSE
	EndGlobalSection
	GlobalSection(ExtensibilityGlobals) = postSolution
		SolutionGuid = {FEA758A6-8E79-4E7E-95B8-BB8C95883C1D}
	EndGlobalSection
EndGlobal
